
Microsoft Visual Studio Solution File, Format Version 12.00
Project("{FAE04EC0-301F-11D3-BF4B-00C04F79EFBC}") = "PerformanceQueueSolution", "PerformanceQueueSolution\PerformanceQueueSolution.csproj", "{0C427B94-0951-4985-B4C1-6A44F11ACC62}"
EndProject
Global
	GlobalSection(SolutionConfigurationPlatforms) = preSolution
		Debug|Any CPU = Debug|Any CPU
		Release|Any CPU = Release|Any CPU
	EndGlobalSection
	GlobalSection(ProjectConfigurationPlatforms) = postSolution
		{0C427B94-0951-4985-B4C1-6A44F11ACC62}.Debug|Any CPU.ActiveCfg = Debug|Any CPU
		{0C427B94-0951-4985-B4C1-6A44F11ACC62}.Debug|Any CPU.Build.0 = Debug|Any CPU
		{0C427B94-0951-4985-B4C1-6A44F11ACC62}.Release|Any CPU.ActiveCfg = Release|Any CPU
		{0C427B94-0951-4985-B4C1-6A44F11ACC62}.Release|Any CPU.Build.0 = Release|Any CPU
	EndGlobalSection
EndGlobal
